
Microsoft Visual Studio Solution File, Format Version 12.00
# Visual Studio for Mac
Project("{FAE04EC0-301F-11D3-BF4B-00C04F79EFBC}") = "Assembly-CSharp", "Assembly-CSharp.csproj", "{B8633F42-B14B-AA3D-AEF7-2428D464DE95}"
EndProject
Global
	GlobalSection(SolutionConfigurationPlatforms) = preSolution
		Debug|Any CPU = Debug|Any CPU
		Release|Any CPU = Release|Any CPU
	EndGlobalSection
	GlobalSection(ProjectConfigurationPlatforms) = postSolution
		{B8633F42-B14B-AA3D-AEF7-2428D464DE95}.Debug|Any CPU.ActiveCfg = Debug|Any CPU
		{B8633F42-B14B-AA3D-AEF7-2428D464DE95}.Debug|Any CPU.Build.0 = Debug|Any CPU
		{B8633F42-B14B-AA3D-AEF7-2428D464DE95}.Release|Any CPU.ActiveCfg = Release|Any CPU
		{B8633F42-B14B-AA3D-AEF7-2428D464DE95}.Release|Any CPU.Build.0 = Release|Any CPU
	EndGlobalSection
	GlobalSection(SolutionProperties) = preSolution
		HideSolutionNode = FALSE
	EndGlobalSection
EndGlobal
